
Microsoft Visual Studio Solution File, Format Version 12.00
# Visual Studio Version 17
VisualStudioVersion = 17.4.33103.184
MinimumVisualStudioVersion = 10.0.40219.1
Project("{888888A0-9F3D-457C-B088-3A5042F75D52}") = "Q27", "Q27.pyproj", "{73DD8407-9433-4394-A72A-ED884DBBA6CE}"
EndProject
Global
	GlobalSection(SolutionConfigurationPlatforms) = preSolution
		Debug|Any CPU = Debug|Any CPU
		Release|Any CPU = Release|Any CPU
	EndGlobalSection
	GlobalSection(ProjectConfigurationPlatforms) = postSolution
		{73DD8407-9433-4394-A72A-ED884DBBA6CE}.Debug|Any CPU.ActiveCfg = Debug|Any CPU
		{73DD8407-9433-4394-A72A-ED884DBBA6CE}.Release|Any CPU.ActiveCfg = Release|Any CPU
	EndGlobalSection
	GlobalSection(SolutionProperties) = preSolution
		HideSolutionNode = FALSE
	EndGlobalSection
	GlobalSection(ExtensibilityGlobals) = postSolution
		SolutionGuid = {33B29B5B-B134-4CE0-A01C-1C72EA50BC8B}
	EndGlobalSection
EndGlobal
