
Microsoft Visual Studio Solution File, Format Version 12.00
# Visual Studio Version 17
VisualStudioVersion = 17.4.33103.184
MinimumVisualStudioVersion = 10.0.40219.1
Project("{888888A0-9F3D-457C-B088-3A5042F75D52}") = "Q33", "Q33.pyproj", "{2D1F1482-015B-4E11-AFCD-9C1A9891D338}"
EndProject
Global
	GlobalSection(SolutionConfigurationPlatforms) = preSolution
		Debug|Any CPU = Debug|Any CPU
		Release|Any CPU = Release|Any CPU
	EndGlobalSection
	GlobalSection(ProjectConfigurationPlatforms) = postSolution
		{2D1F1482-015B-4E11-AFCD-9C1A9891D338}.Debug|Any CPU.ActiveCfg = Debug|Any CPU
		{2D1F1482-015B-4E11-AFCD-9C1A9891D338}.Release|Any CPU.ActiveCfg = Release|Any CPU
	EndGlobalSection
	GlobalSection(SolutionProperties) = preSolution
		HideSolutionNode = FALSE
	EndGlobalSection
	GlobalSection(ExtensibilityGlobals) = postSolution
		SolutionGuid = {C8976356-03A5-47E3-85A7-7F40493B2A80}
	EndGlobalSection
EndGlobal
