
Microsoft Visual Studio Solution File, Format Version 12.00
# Visual Studio Version 17
VisualStudioVersion = 17.4.33103.184
MinimumVisualStudioVersion = 10.0.40219.1
Project("{888888A0-9F3D-457C-B088-3A5042F75D52}") = "Q29", "Q29.pyproj", "{B4FDFF88-36EF-4322-95B0-E8431A8DB05E}"
EndProject
Global
	GlobalSection(SolutionConfigurationPlatforms) = preSolution
		Debug|Any CPU = Debug|Any CPU
		Release|Any CPU = Release|Any CPU
	EndGlobalSection
	GlobalSection(ProjectConfigurationPlatforms) = postSolution
		{B4FDFF88-36EF-4322-95B0-E8431A8DB05E}.Debug|Any CPU.ActiveCfg = Debug|Any CPU
		{B4FDFF88-36EF-4322-95B0-E8431A8DB05E}.Release|Any CPU.ActiveCfg = Release|Any CPU
	EndGlobalSection
	GlobalSection(SolutionProperties) = preSolution
		HideSolutionNode = FALSE
	EndGlobalSection
	GlobalSection(ExtensibilityGlobals) = postSolution
		SolutionGuid = {D09B30C7-0915-4C4E-8EE0-3607731F4026}
	EndGlobalSection
EndGlobal
