
Microsoft Visual Studio Solution File, Format Version 12.00
# Visual Studio Version 17
VisualStudioVersion = 17.4.33103.184
MinimumVisualStudioVersion = 10.0.40219.1
Project("{888888A0-9F3D-457C-B088-3A5042F75D52}") = "Q2v2", "Q2v2.pyproj", "{DD24D01C-C686-49A5-8117-9A9B3E04732A}"
EndProject
Global
	GlobalSection(SolutionConfigurationPlatforms) = preSolution
		Debug|Any CPU = Debug|Any CPU
		Release|Any CPU = Release|Any CPU
	EndGlobalSection
	GlobalSection(ProjectConfigurationPlatforms) = postSolution
		{DD24D01C-C686-49A5-8117-9A9B3E04732A}.Debug|Any CPU.ActiveCfg = Debug|Any CPU
		{DD24D01C-C686-49A5-8117-9A9B3E04732A}.Release|Any CPU.ActiveCfg = Release|Any CPU
	EndGlobalSection
	GlobalSection(SolutionProperties) = preSolution
		HideSolutionNode = FALSE
	EndGlobalSection
	GlobalSection(ExtensibilityGlobals) = postSolution
		SolutionGuid = {E956470B-8BDA-488A-AF71-2E2B29EEE21F}
	EndGlobalSection
EndGlobal
